
Microsoft Visual Studio Solution File, Format Version 12.00
# Visual Studio Version 17
VisualStudioVersion = 17.7.34031.279
MinimumVisualStudioVersion = 10.0.40219.1
Project("{FAE04EC0-301F-11D3-BF4B-00C04F79EFBC}") = "CW11.11.23", "CW11.11.23.csproj", "{861B94B6-3633-4019-B3A6-2C9FCD004960}"
EndProject
Global
	GlobalSection(SolutionConfigurationPlatforms) = preSolution
		Debug|Any CPU = Debug|Any CPU
		Release|Any CPU = Release|Any CPU
	EndGlobalSection
	GlobalSection(ProjectConfigurationPlatforms) = postSolution
		{861B94B6-3633-4019-B3A6-2C9FCD004960}.Debug|Any CPU.ActiveCfg = Debug|Any CPU
		{861B94B6-3633-4019-B3A6-2C9FCD004960}.Debug|Any CPU.Build.0 = Debug|Any CPU
		{861B94B6-3633-4019-B3A6-2C9FCD004960}.Release|Any CPU.ActiveCfg = Release|Any CPU
		{861B94B6-3633-4019-B3A6-2C9FCD004960}.Release|Any CPU.Build.0 = Release|Any CPU
	EndGlobalSection
	GlobalSection(SolutionProperties) = preSolution
		HideSolutionNode = FALSE
	EndGlobalSection
	GlobalSection(ExtensibilityGlobals) = postSolution
		SolutionGuid = {F9AD5F83-17F5-420D-9FE2-623158C7BB41}
	EndGlobalSection
EndGlobal
